
Microsoft Visual Studio Solution File, Format Version 12.00
# Visual Studio 15
VisualStudioVersion = 15.0.27703.2000
MinimumVisualStudioVersion = 10.0.40219.1
Project("{FAE04EC0-301F-11D3-BF4B-00C04F79EFBC}") = "OnlineTeach.Web", "src\OnlineTeach.Web\OnlineTeach.Web.csproj", "{6BFC40E6-490F-4FA7-AF59-4915D1D0966A}"
EndProject
Project("{FAE04EC0-301F-11D3-BF4B-00C04F79EFBC}") = "OnlineTeach.Tools", "OnlineTeach.Tools\OnlineTeach.Tools.csproj", "{F6228375-EC43-4C1D-BA97-4D132E0549C5}"
EndProject
Global
	GlobalSection(SolutionConfigurationPlatforms) = preSolution
		Debug|Any CPU = Debug|Any CPU
		Release|Any CPU = Release|Any CPU
	EndGlobalSection
	GlobalSection(ProjectConfigurationPlatforms) = postSolution
		{6BFC40E6-490F-4FA7-AF59-4915D1D0966A}.Debug|Any CPU.ActiveCfg = Debug|Any CPU
		{6BFC40E6-490F-4FA7-AF59-4915D1D0966A}.Debug|Any CPU.Build.0 = Debug|Any CPU
		{6BFC40E6-490F-4FA7-AF59-4915D1D0966A}.Release|Any CPU.ActiveCfg = Release|Any CPU
		{6BFC40E6-490F-4FA7-AF59-4915D1D0966A}.Release|Any CPU.Build.0 = Release|Any CPU
		{F6228375-EC43-4C1D-BA97-4D132E0549C5}.Debug|Any CPU.ActiveCfg = Debug|Any CPU
		{F6228375-EC43-4C1D-BA97-4D132E0549C5}.Debug|Any CPU.Build.0 = Debug|Any CPU
		{F6228375-EC43-4C1D-BA97-4D132E0549C5}.Release|Any CPU.ActiveCfg = Release|Any CPU
		{F6228375-EC43-4C1D-BA97-4D132E0549C5}.Release|Any CPU.Build.0 = Release|Any CPU
	EndGlobalSection
	GlobalSection(SolutionProperties) = preSolution
		HideSolutionNode = FALSE
	EndGlobalSection
	GlobalSection(ExtensibilityGlobals) = postSolution
		SolutionGuid = {FC9EE12B-88E1-4469-8056-A85828BB7785}
	EndGlobalSection
EndGlobal
